
Microsoft Visual Studio Solution File, Format Version 12.00
# Visual Studio Version 17
VisualStudioVersion = 17.5.33516.290
MinimumVisualStudioVersion = 10.0.40219.1
Project("{FAE04EC0-301F-11D3-BF4B-00C04F79EFBC}") = "Home Security", "Home Security.csproj", "{43A7950A-7678-4D5B-B969-872A814AAC0E}"
EndProject
Global
	GlobalSection(SolutionConfigurationPlatforms) = preSolution
		Debug|Any CPU = Debug|Any CPU
		Release|Any CPU = Release|Any CPU
	EndGlobalSection
	GlobalSection(ProjectConfigurationPlatforms) = postSolution
		{43A7950A-7678-4D5B-B969-872A814AAC0E}.Debug|Any CPU.ActiveCfg = Debug|Any CPU
		{43A7950A-7678-4D5B-B969-872A814AAC0E}.Debug|Any CPU.Build.0 = Debug|Any CPU
		{43A7950A-7678-4D5B-B969-872A814AAC0E}.Release|Any CPU.ActiveCfg = Release|Any CPU
		{43A7950A-7678-4D5B-B969-872A814AAC0E}.Release|Any CPU.Build.0 = Release|Any CPU
	EndGlobalSection
	GlobalSection(SolutionProperties) = preSolution
		HideSolutionNode = FALSE
	EndGlobalSection
	GlobalSection(ExtensibilityGlobals) = postSolution
		SolutionGuid = {854BC0FA-9CE5-4A14-A08D-AEE89CF15426}
	EndGlobalSection
EndGlobal
